// !$*UTF8*$!
{
	archiveVersion = 1;
	classes = {
	};
	objectVersion = 46;
	objects = {

/* Begin PBXBuildFile section */
		94BFB3851F5FC06800FA07D5 /* AppDelegate.swift in Sources */ = {isa = PBXBuildFile; fileRef = 94BFB3841F5FC06800FA07D5 /* AppDelegate.swift */; };
		94BFB3871F5FC06800FA07D5 /* ItemVC.swift in Sources */ = {isa = PBXBuildFile; fileRef = 94BFB3861F5FC06800FA07D5 /* ItemVC.swift */; };
		94BFB38A1F5FC06800FA07D5 /* Main.storyboard in Resources */ = {isa = PBXBuildFile; fileRef = 94BFB3881F5FC06800FA07D5 /* Main.storyboard */; };
		94BFB38C1F5FC06800FA07D5 /* Assets.xcassets in Resources */ = {isa = PBXBuildFile; fileRef = 94BFB38B1F5FC06800FA07D5 /* Assets.xcassets */; };
		94BFB38F1F5FC06800FA07D5 /* LaunchScreen.storyboard in Resources */ = {isa = PBXBuildFile; fileRef = 94BFB38D1F5FC06800FA07D5 /* LaunchScreen.storyboard */; };
		94BFB3981F5FC09A00FA07D5 /* DataModel.xcdatamodeld in Sources */ = {isa = PBXBuildFile; fileRef = 94BFB3961F5FC09A00FA07D5 /* DataModel.xcdatamodeld */; };
		94BFB3A01F5FC13E00FA07D5 /* Image+CoreDataClass.swift in Sources */ = {isa = PBXBuildFile; fileRef = 94BFB39A1F5FC13E00FA07D5 /* Image+CoreDataClass.swift */; };
		94BFB3A11F5FC13E00FA07D5 /* Image+CoreDataProperties.swift in Sources */ = {isa = PBXBuildFile; fileRef = 94BFB39B1F5FC13E00FA07D5 /* Image+CoreDataProperties.swift */; };
		94BFB3A21F5FC13E00FA07D5 /* ItemType+CoreDataClass.swift in Sources */ = {isa = PBXBuildFile; fileRef = 94BFB39C1F5FC13E00FA07D5 /* ItemType+CoreDataClass.swift */; };
		94BFB3A31F5FC13E00FA07D5 /* ItemType+CoreDataProperties.swift in Sources */ = {isa = PBXBuildFile; fileRef = 94BFB39D1F5FC13E00FA07D5 /* ItemType+CoreDataProperties.swift */; };
		94BFB3A41F5FC13E00FA07D5 /* Item+CoreDataClass.swift in Sources */ = {isa = PBXBuildFile; fileRef = 94BFB39E1F5FC13E00FA07D5 /* Item+CoreDataClass.swift */; };
		94BFB3A51F5FC13E00FA07D5 /* Item+CoreDataProperties.swift in Sources */ = {isa = PBXBuildFile; fileRef = 94BFB39F1F5FC13E00FA07D5 /* Item+CoreDataProperties.swift */; };
		94BFB3AA1F5FC27300FA07D5 /* Configure+UIView.swift in Sources */ = {isa = PBXBuildFile; fileRef = 94BFB3A91F5FC27300FA07D5 /* Configure+UIView.swift */; };
		94EE9B4A1F5FC29B00473305 /* Functions.swift in Sources */ = {isa = PBXBuildFile; fileRef = 94EE9B491F5FC29B00473305 /* Functions.swift */; };
		94EE9B4C1F5FC2B400473305 /* ItemCell.swift in Sources */ = {isa = PBXBuildFile; fileRef = 94EE9B4B1F5FC2B400473305 /* ItemCell.swift */; };
		94EE9B4F1F5FC2D000473305 /* ItemDetailVC.swift in Sources */ = {isa = PBXBuildFile; fileRef = 94EE9B4E1F5FC2D000473305 /* ItemDetailVC.swift */; };
		94EE9B511F5FC2F300473305 /* UIImageView+ResizeImage.swift in Sources */ = {isa = PBXBuildFile; fileRef = 94EE9B501F5FC2F300473305 /* UIImageView+ResizeImage.swift */; };
/* End PBXBuildFile section */

/* Begin PBXFileReference section */
		94BFB3811F5FC06800FA07D5 /* MyProducts.app */ = {isa = PBXFileReference; explicitFileType = wrapper.application; includeInIndex = 0; path = MyProducts.app; sourceTree = BUILT_PRODUCTS_DIR; };
		94BFB3841F5FC06800FA07D5 /* AppDelegate.swift */ = {isa = PBXFileReference; lastKnownFileType = sourcecode.swift; path = AppDelegate.swift; sourceTree = "<group>"; };
		94BFB3861F5FC06800FA07D5 /* ItemVC.swift */ = {isa = PBXFileReference; lastKnownFileType = sourcecode.swift; path = ItemVC.swift; sourceTree = "<group>"; };
		94BFB3891F5FC06800FA07D5 /* Base */ = {isa = PBXFileReference; lastKnownFileType = file.storyboard; name = Base; path = Base.lproj/Main.storyboard; sourceTree = "<group>"; };
		94BFB38B1F5FC06800FA07D5 /* Assets.xcassets */ = {isa = PBXFileReference; lastKnownFileType = folder.assetcatalog; path = Assets.xcassets; sourceTree = "<group>"; };
		94BFB38E1F5FC06800FA07D5 /* Base */ = {isa = PBXFileReference; lastKnownFileType = file.storyboard; name = Base; path = Base.lproj/LaunchScreen.storyboard; sourceTree = "<group>"; };
		94BFB3901F5FC06800FA07D5 /* Info.plist */ = {isa = PBXFileReference; lastKnownFileType = text.plist.xml; path = Info.plist; sourceTree = "<group>"; };
		94BFB3971F5FC09A00FA07D5 /* DataModel.xcdatamodel */ = {isa = PBXFileReference; lastKnownFileType = wrapper.xcdatamodel; path = DataModel.xcdatamodel; sourceTree = "<group>"; };
		94BFB39A1F5FC13E00FA07D5 /* Image+CoreDataClass.swift */ = {isa = PBXFileReference; fileEncoding = 4; lastKnownFileType = sourcecode.swift; path = "Image+CoreDataClass.swift"; sourceTree = "<group>"; };
		94BFB39B1F5FC13E00FA07D5 /* Image+CoreDataProperties.swift */ = {isa = PBXFileReference; fileEncoding = 4; lastKnownFileType = sourcecode.swift; path = "Image+CoreDataProperties.swift"; sourceTree = "<group>"; };
		94BFB39C1F5FC13E00FA07D5 /* ItemType+CoreDataClass.swift */ = {isa = PBXFileReference; fileEncoding = 4; lastKnownFileType = sourcecode.swift; path = "ItemType+CoreDataClass.swift"; sourceTree = "<group>"; };
		94BFB39D1F5FC13E00FA07D5 /* ItemType+CoreDataProperties.swift */ = {isa = PBXFileReference; fileEncoding = 4; lastKnownFileType = sourcecode.swift; path = "ItemType+CoreDataProperties.swift"; sourceTree = "<group>"; };
		94BFB39E1F5FC13E00FA07D5 /* Item+CoreDataClass.swift */ = {isa = PBXFileReference; fileEncoding = 4; lastKnownFileType = sourcecode.swift; path = "Item+CoreDataClass.swift"; sourceTree = "<group>"; };
		94BFB39F1F5FC13E00FA07D5 /* Item+CoreDataProperties.swift */ = {isa = PBXFileReference; fileEncoding = 4; lastKnownFileType = sourcecode.swift; path = "Item+CoreDataProperties.swift"; sourceTree = "<group>"; };
		94BFB3A91F5FC27300FA07D5 /* Configure+UIView.swift */ = {isa = PBXFileReference; fileEncoding = 4; lastKnownFileType = sourcecode.swift; path = "Configure+UIView.swift"; sourceTree = "<group>"; };
		94EE9B491F5FC29B00473305 /* Functions.swift */ = {isa = PBXFileReference; fileEncoding = 4; lastKnownFileType = sourcecode.swift; path = Functions.swift; sourceTree = "<group>"; };
		94EE9B4B1F5FC2B400473305 /* ItemCell.swift */ = {isa = PBXFileReference; fileEncoding = 4; lastKnownFileType = sourcecode.swift; path = ItemCell.swift; sourceTree = "<group>"; };
		94EE9B4E1F5FC2D000473305 /* ItemDetailVC.swift */ = {isa = PBXFileReference; fileEncoding = 4; lastKnownFileType = sourcecode.swift; path = ItemDetailVC.swift; sourceTree = "<group>"; };
		94EE9B501F5FC2F300473305 /* UIImageView+ResizeImage.swift */ = {isa = PBXFileReference; fileEncoding = 4; lastKnownFileType = sourcecode.swift; path = "UIImageView+ResizeImage.swift"; sourceTree = "<group>"; };
/* End PBXFileReference section */

/* Begin PBXFrameworksBuildPhase section */
		94BFB37E1F5FC06800FA07D5 /* Frameworks */ = {
			isa = PBXFrameworksBuildPhase;
			buildActionMask = 2147483647;
			files = (
			);
			runOnlyForDeploymentPostprocessing = 0;
		};
/* End PBXFrameworksBuildPhase section */

/* Begin PBXGroup section */
		94BFB3781F5FC06800FA07D5 = {
			isa = PBXGroup;
			children = (
				94BFB3831F5FC06800FA07D5 /* MyProducts */,
				94BFB3821F5FC06800FA07D5 /* Products */,
			);
			sourceTree = "<group>";
		};
		94BFB3821F5FC06800FA07D5 /* Products */ = {
			isa = PBXGroup;
			children = (
				94BFB3811F5FC06800FA07D5 /* MyProducts.app */,
			);
			name = Products;
			sourceTree = "<group>";
		};
		94BFB3831F5FC06800FA07D5 /* MyProducts */ = {
			isa = PBXGroup;
			children = (
				94BFB3841F5FC06800FA07D5 /* AppDelegate.swift */,
				94BFB3A61F5FC14100FA07D5 /* Model */,
				94EE9B4D1F5FC2B700473305 /* View */,
				94BFB3A71F5FC14600FA07D5 /* Controller */,
				94BFB3AB1F5FC27700FA07D5 /* Configure */,
				94BFB3991F5FC0A000FA07D5 /* DataModel */,
				94BFB3881F5FC06800FA07D5 /* Main.storyboard */,
				94BFB38B1F5FC06800FA07D5 /* Assets.xcassets */,
				94BFB38D1F5FC06800FA07D5 /* LaunchScreen.storyboard */,
				94BFB3901F5FC06800FA07D5 /* Info.plist */,
			);
			path = MyProducts;
			sourceTree = "<group>";
		};
		94BFB3991F5FC0A000FA07D5 /* DataModel */ = {
			isa = PBXGroup;
			children = (
				94BFB3961F5FC09A00FA07D5 /* DataModel.xcdatamodeld */,
			);
			name = DataModel;
			sourceTree = "<group>";
		};
		94BFB3A61F5FC14100FA07D5 /* Model */ = {
			isa = PBXGroup;
			children = (
				94BFB39E1F5FC13E00FA07D5 /* Item+CoreDataClass.swift */,
				94BFB39A1F5FC13E00FA07D5 /* Image+CoreDataClass.swift */,
				94BFB39C1F5FC13E00FA07D5 /* ItemType+CoreDataClass.swift */,
				94BFB3A81F5FC17E00FA07D5 /* Generated */,
			);
			name = Model;
			sourceTree = "<group>";
		};
		94BFB3A71F5FC14600FA07D5 /* Controller */ = {
			isa = PBXGroup;
			children = (
				94BFB3861F5FC06800FA07D5 /* ItemVC.swift */,
				94EE9B4E1F5FC2D000473305 /* ItemDetailVC.swift */,
			);
			name = Controller;
			sourceTree = "<group>";
		};
		94BFB3A81F5FC17E00FA07D5 /* Generated */ = {
			isa = PBXGroup;
			children = (
				94BFB39F1F5FC13E00FA07D5 /* Item+CoreDataProperties.swift */,
				94BFB39B1F5FC13E00FA07D5 /* Image+CoreDataProperties.swift */,
				94BFB39D1F5FC13E00FA07D5 /* ItemType+CoreDataProperties.swift */,
			);
			name = Generated;
			sourceTree = "<group>";
		};
		94BFB3AB1F5FC27700FA07D5 /* Configure */ = {
			isa = PBXGroup;
			children = (
				94BFB3A91F5FC27300FA07D5 /* Configure+UIView.swift */,
				94EE9B491F5FC29B00473305 /* Functions.swift */,
				94EE9B501F5FC2F300473305 /* UIImageView+ResizeImage.swift */,
			);
			name = Configure;
			sourceTree = "<group>";
		};
		94EE9B4D1F5FC2B700473305 /* View */ = {
			isa = PBXGroup;
			children = (
				94EE9B4B1F5FC2B400473305 /* ItemCell.swift */,
			);
			name = View;
			sourceTree = "<group>";
		};
/* End PBXGroup section */

/* Begin PBXNativeTarget section */
		94BFB3801F5FC06800FA07D5 /* MyProducts */ = {
			isa = PBXNativeTarget;
			buildConfigurationList = 94BFB3931F5FC06800FA07D5 /* Build configuration list for PBXNativeTarget "MyProducts" */;
			buildPhases = (
				94BFB37D1F5FC06800FA07D5 /* Sources */,
				94BFB37E1F5FC06800FA07D5 /* Frameworks */,
				94BFB37F1F5FC06800FA07D5 /* Resources */,
			);
			buildRules = (
			);
			dependencies = (
			);
			name = MyProducts;
			productName = MyProducts;
			productReference = 94BFB3811F5FC06800FA07D5 /* MyProducts.app */;
			productType = "com.apple.product-type.application";
		};
/* End PBXNativeTarget section */

/* Begin PBXProject section */
		94BFB3791F5FC06800FA07D5 /* Project object */ = {
			isa = PBXProject;
			attributes = {
				LastSwiftUpdateCheck = 0830;
				LastUpgradeCheck = 0830;
				ORGANIZATIONNAME = "Jack Ily";
				TargetAttributes = {
					94BFB3801F5FC06800FA07D5 = {
						CreatedOnToolsVersion = 8.3.3;
						DevelopmentTeam = BZ28YC29U8;
						ProvisioningStyle = Automatic;
					};
				};
			};
			buildConfigurationList = 94BFB37C1F5FC06800FA07D5 /* Build configuration list for PBXProject "MyProducts" */;
			compatibilityVersion = "Xcode 3.2";
			developmentRegion = English;
			hasScannedForEncodings = 0;
			knownRegions = (
				en,
				Base,
			);
			mainGroup = 94BFB3781F5FC06800FA07D5;
			productRefGroup = 94BFB3821F5FC06800FA07D5 /* Products */;
			projectDirPath = "";
			projectRoot = "";
			targets = (
				94BFB3801F5FC06800FA07D5 /* MyProducts */,
			);
		};
/* End PBXProject section */

/* Begin PBXResourcesBuildPhase section */
		94BFB37F1F5FC06800FA07D5 /* Resources */ = {
			isa = PBXResourcesBuildPhase;
			buildActionMask = 2147483647;
			files = (
				94BFB38F1F5FC06800FA07D5 /* LaunchScreen.storyboard in Resources */,
				94BFB38C1F5FC06800FA07D5 /* Assets.xcassets in Resources */,
				94BFB38A1F5FC06800FA07D5 /* Main.storyboard in Resources */,
			);
			runOnlyForDeploymentPostprocessing = 0;
		};
/* End PBXResourcesBuildPhase section */

/* Begin PBXSourcesBuildPhase section */
		94BFB37D1F5FC06800FA07D5 /* Sources */ = {
			isa = PBXSourcesBuildPhase;
			buildActionMask = 2147483647;
			files = (
				94BFB3A21F5FC13E00FA07D5 /* ItemType+CoreDataClass.swift in Sources */,
				94BFB3981F5FC09A00FA07D5 /* DataModel.xcdatamodeld in Sources */,
				94BFB3A11F5FC13E00FA07D5 /* Image+CoreDataProperties.swift in Sources */,
				94BFB3871F5FC06800FA07D5 /* ItemVC.swift in Sources */,
				94EE9B4A1F5FC29B00473305 /* Functions.swift in Sources */,
				94BFB3851F5FC06800FA07D5 /* AppDelegate.swift in Sources */,
				94EE9B4F1F5FC2D000473305 /* ItemDetailVC.swift in Sources */,
				94BFB3A31F5FC13E00FA07D5 /* ItemType+CoreDataProperties.swift in Sources */,
				94EE9B511F5FC2F300473305 /* UIImageView+ResizeImage.swift in Sources */,
				94BFB3A51F5FC13E00FA07D5 /* Item+CoreDataProperties.swift in Sources */,
				94EE9B4C1F5FC2B400473305 /* ItemCell.swift in Sources */,
				94BFB3AA1F5FC27300FA07D5 /* Configure+UIView.swift in Sources */,
				94BFB3A41F5FC13E00FA07D5 /* Item+CoreDataClass.swift in Sources */,
				94BFB3A01F5FC13E00FA07D5 /* Image+CoreDataClass.swift in Sources */,
			);
			runOnlyForDeploymentPostprocessing = 0;
		};
/* End PBXSourcesBuildPhase section */

/* Begin PBXVariantGroup section */
		94BFB3881F5FC06800FA07D5 /* Main.storyboard */ = {
			isa = PBXVariantGroup;
			children = (
				94BFB3891F5FC06800FA07D5 /* Base */,
			);
			name = Main.storyboard;
			sourceTree = "<group>";
		};
		94BFB38D1F5FC06800FA07D5 /* LaunchScreen.storyboard */ = {
			isa = PBXVariantGroup;
			children = (
				94BFB38E1F5FC06800FA07D5 /* Base */,
			);
			name = LaunchScreen.storyboard;
			sourceTree = "<group>";
		};
/* End PBXVariantGroup section */

/* Begin XCBuildConfiguration section */
		94BFB3911F5FC06800FA07D5 /* Debug */ = {
			isa = XCBuildConfiguration;
			buildSettings = {
				ALWAYS_SEARCH_USER_PATHS = NO;
				CLANG_ANALYZER_NONNULL = YES;
				CLANG_ANALYZER_NUMBER_OBJECT_CONVERSION = YES_AGGRESSIVE;
				CLANG_CXX_LANGUAGE_STANDARD = "gnu++0x";
				CLANG_CXX_LIBRARY = "libc++";
				CLANG_ENABLE_MODULES = YES;
				CLANG_ENABLE_OBJC_ARC = YES;
				CLANG_WARN_BOOL_CONVERSION = YES;
				CLANG_WARN_CONSTANT_CONVERSION = YES;
				CLANG_WARN_DIRECT_OBJC_ISA_USAGE = YES_ERROR;
				CLANG_WARN_DOCUMENTATION_COMMENTS = YES;
				CLANG_WARN_EMPTY_BODY = YES;
				CLANG_WARN_ENUM_CONVERSION = YES;
				CLANG_WARN_INFINITE_RECURSION = YES;
				CLANG_WARN_INT_CONVERSION = YES;
				CLANG_WARN_OBJC_ROOT_CLASS = YES_ERROR;
				CLANG_WARN_SUSPICIOUS_MOVE = YES;
				CLANG_WARN_UNREACHABLE_CODE = YES;
				CLANG_WARN__DUPLICATE_METHOD_MATCH = YES;
				"CODE_SIGN_IDENTITY[sdk=iphoneos*]" = "iPhone Developer";
				COPY_PHASE_STRIP = NO;
				DEBUG_INFORMATION_FORMAT = dwarf;
				ENABLE_STRICT_OBJC_MSGSEND = YES;
				ENABLE_TESTABILITY = YES;
				GCC_C_LANGUAGE_STANDARD = gnu99;
				GCC_DYNAMIC_NO_PIC = NO;
				GCC_NO_COMMON_BLOCKS = YES;
				GCC_OPTIMIZATION_LEVEL = 0;
				GCC_PREPROCESSOR_DEFINITIONS = (
					"DEBUG=1",
					"$(inherited)",
				);
				GCC_WARN_64_TO_32_BIT_CONVERSION = YES;
				GCC_WARN_ABOUT_RETURN_TYPE = YES_ERROR;
				GCC_WARN_UNDECLARED_SELECTOR = YES;
				GCC_WARN_UNINITIALIZED_AUTOS = YES_AGGRESSIVE;
				GCC_WARN_UNUSED_FUNCTION = YES;
				GCC_WARN_UNUSED_VARIABLE = YES;
				IPHONEOS_DEPLOYMENT_TARGET = 10.3;
				MTL_ENABLE_DEBUG_INFO = YES;
				ONLY_ACTIVE_ARCH = YES;
				SDKROOT = iphoneos;
				SWIFT_ACTIVE_COMPILATION_CONDITIONS = DEBUG;
				SWIFT_OPTIMIZATION_LEVEL = "-Onone";
			};
			name = Debug;
		};
		94BFB3921F5FC06800FA07D5 /* Release */ = {
			isa = XCBuildConfiguration;
			buildSettings = {
				ALWAYS_SEARCH_USER_PATHS = NO;
				CLANG_ANALYZER_NONNULL = YES;
				CLANG_ANALYZER_NUMBER_OBJECT_CONVERSION = YES_AGGRESSIVE;
				CLANG_CXX_LANGUAGE_STANDARD = "gnu++0x";
				CLANG_CXX_LIBRARY = "libc++";
				CLANG_ENABLE_MODULES = YES;
				CLANG_ENABLE_OBJC_ARC = YES;
				CLANG_WARN_BOOL_CONVERSION = YES;
				CLANG_WARN_CONSTANT_CONVERSION = YES;
				CLANG_WARN_DIRECT_OBJC_ISA_USAGE = YES_ERROR;
				CLANG_WARN_DOCUMENTATION_COMMENTS = YES;
				CLANG_WARN_EMPTY_BODY = YES;
				CLANG_WARN_ENUM_CONVERSION = YES;
				CLANG_WARN_INFINITE_RECURSION = YES;
				CLANG_WARN_INT_CONVERSION = YES;
				CLANG_WARN_OBJC_ROOT_CLASS = YES_ERROR;
				CLANG_WARN_SUSPICIOUS_MOVE = YES;
				CLANG_WARN_UNREACHABLE_CODE = YES;
				CLANG_WARN__DUPLICATE_METHOD_MATCH = YES;
				"CODE_SIGN_IDENTITY[sdk=iphoneos*]" = "iPhone Developer";
				COPY_PHASE_STRIP = NO;
				DEBUG_INFORMATION_FORMAT = "dwarf-with-dsym";
				ENABLE_NS_ASSERTIONS = NO;
				ENABLE_STRICT_OBJC_MSGSEND = YES;
				GCC_C_LANGUAGE_STANDARD = gnu99;
				GCC_NO_COMMON_BLOCKS = YES;
				GCC_WARN_64_TO_32_BIT_CONVERSION = YES;
				GCC_WARN_ABOUT_RETURN_TYPE = YES_ERROR;
				GCC_WARN_UNDECLARED_SELECTOR = YES;
				GCC_WARN_UNINITIALIZED_AUTOS = YES_AGGRESSIVE;
				GCC_WARN_UNUSED_FUNCTION = YES;
				GCC_WARN_UNUSED_VARIABLE = YES;
				IPHONEOS_DEPLOYMENT_TARGET = 10.3;
				MTL_ENABLE_DEBUG_INFO = NO;
				SDKROOT = iphoneos;
				SWIFT_OPTIMIZATION_LEVEL = "-Owholemodule";
				VALIDATE_PRODUCT = YES;
			};
			name = Release;
		};
		94BFB3941F5FC06800FA07D5 /* Debug */ = {
			isa = XCBuildConfiguration;
			buildSettings = {
				ASSETCATALOG_COMPILER_APPICON_NAME = AppIcon;
				DEVELOPMENT_TEAM = BZ28YC29U8;
				INFOPLIST_FILE = MyProducts/Info.plist;
				LD_RUNPATH_SEARCH_PATHS = "$(inherited) @executable_path/Frameworks";
				PRODUCT_BUNDLE_IDENTIFIER = com.ThuyTienLT776.MyProducts;
				PRODUCT_NAME = "$(TARGET_NAME)";
				SWIFT_VERSION = 3.0;
			};
			name = Debug;
		};
		94BFB3951F5FC06800FA07D5 /* Release */ = {
			isa = XCBuildConfiguration;
			buildSettings = {
				ASSETCATALOG_COMPILER_APPICON_NAME = AppIcon;
				DEVELOPMENT_TEAM = BZ28YC29U8;
				INFOPLIST_FILE = MyProducts/Info.plist;
				LD_RUNPATH_SEARCH_PATHS = "$(inherited) @executable_path/Frameworks";
				PRODUCT_BUNDLE_IDENTIFIER = com.ThuyTienLT776.MyProducts;
				PRODUCT_NAME = "$(TARGET_NAME)";
				SWIFT_VERSION = 3.0;
			};
			name = Release;
		};
/* End XCBuildConfiguration section */

/* Begin XCConfigurationList section */
		94BFB37C1F5FC06800FA07D5 /* Build configuration list for PBXProject "MyProducts" */ = {
			isa = XCConfigurationList;
			buildConfigurations = (
				94BFB3911F5FC06800FA07D5 /* Debug */,
				94BFB3921F5FC06800FA07D5 /* Release */,
			);
			defaultConfigurationIsVisible = 0;
			defaultConfigurationName = Release;
		};
		94BFB3931F5FC06800FA07D5 /* Build configuration list for PBXNativeTarget "MyProducts" */ = {
			isa = XCConfigurationList;
			buildConfigurations = (
				94BFB3941F5FC06800FA07D5 /* Debug */,
				94BFB3951F5FC06800FA07D5 /* Release */,
			);
			defaultConfigurationIsVisible = 0;
			defaultConfigurationName = Release;
		};
/* End XCConfigurationList section */

/* Begin XCVersionGroup section */
		94BFB3961F5FC09A00FA07D5 /* DataModel.xcdatamodeld */ = {
			isa = XCVersionGroup;
			children = (
				94BFB3971F5FC09A00FA07D5 /* DataModel.xcdatamodel */,
			);
			currentVersion = 94BFB3971F5FC09A00FA07D5 /* DataModel.xcdatamodel */;
			path = DataModel.xcdatamodeld;
			sourceTree = "<group>";
			versionGroupType = wrapper.xcdatamodel;
		};
/* End XCVersionGroup section */
	};
	rootObject = 94BFB3791F5FC06800FA07D5 /* Project object */;
}
